
Microsoft Visual Studio Solution File, Format Version 12.00
# Visual Studio Version 17
VisualStudioVersion = 17.2.32516.85
MinimumVisualStudioVersion = 10.0.40219.1
Project("{FAE04EC0-301F-11D3-BF4B-00C04F79EFBC}") = "ExtensibilityProject1", "ExtensibilityProject1\ExtensibilityProject1.csproj", "{726907AC-86E8-4BF1-950A-C759035A5403}"
EndProject
Global
	GlobalSection(SolutionConfigurationPlatforms) = preSolution
		Debug|Any CPU = Debug|Any CPU
		Release|Any CPU = Release|Any CPU
	EndGlobalSection
	GlobalSection(ProjectConfigurationPlatforms) = postSolution
		{726907AC-86E8-4BF1-950A-C759035A5403}.Debug|Any CPU.ActiveCfg = Debug|Any CPU
		{726907AC-86E8-4BF1-950A-C759035A5403}.Debug|Any CPU.Build.0 = Debug|Any CPU
		{726907AC-86E8-4BF1-950A-C759035A5403}.Release|Any CPU.ActiveCfg = Release|Any CPU
		{726907AC-86E8-4BF1-950A-C759035A5403}.Release|Any CPU.Build.0 = Release|Any CPU
	EndGlobalSection
	GlobalSection(SolutionProperties) = preSolution
		HideSolutionNode = FALSE
	EndGlobalSection
	GlobalSection(ExtensibilityGlobals) = postSolution
		SolutionGuid = {89F53751-600E-4A90-AED8-5AB839113141}
	EndGlobalSection
EndGlobal
